// !$*UTF8*$!
{
	archiveVersion = 1;
	classes = {
	};
	objectVersion = 50;
	objects = {

/* Begin PBXBuildFile section */
		37A2F3D3237BABA000C1EF3B /* AppDelegate.swift in Sources */ = {isa = PBXBuildFile; fileRef = 37A2F3D2237BABA000C1EF3B /* AppDelegate.swift */; };
		37A2F3D5237BABA000C1EF3B /* SceneDelegate.swift in Sources */ = {isa = PBXBuildFile; fileRef = 37A2F3D4237BABA000C1EF3B /* SceneDelegate.swift */; };
		37A2F3D7237BABA000C1EF3B /* ViewController.swift in Sources */ = {isa = PBXBuildFile; fileRef = 37A2F3D6237BABA000C1EF3B /* ViewController.swift */; };
		37A2F3DA237BABA000C1EF3B /* Main.storyboard in Resources */ = {isa = PBXBuildFile; fileRef = 37A2F3D8237BABA000C1EF3B /* Main.storyboard */; };
		37A2F3DC237BABA000C1EF3B /* Assets.xcassets in Resources */ = {isa = PBXBuildFile; fileRef = 37A2F3DB237BABA000C1EF3B /* Assets.xcassets */; };
		37A2F3DF237BABA000C1EF3B /* LaunchScreen.storyboard in Resources */ = {isa = PBXBuildFile; fileRef = 37A2F3DD237BABA000C1EF3B /* LaunchScreen.storyboard */; };
		37A2F3F0237BAC2A00C1EF3B /* ChevronAnimatable.framework in Frameworks */ = {isa = PBXBuildFile; fileRef = 37A2F3ED237BAC1B00C1EF3B /* ChevronAnimatable.framework */; };
		37A2F3F1237BAC2A00C1EF3B /* ChevronAnimatable.framework in Embed Frameworks */ = {isa = PBXBuildFile; fileRef = 37A2F3ED237BAC1B00C1EF3B /* ChevronAnimatable.framework */; settings = {ATTRIBUTES = (CodeSignOnCopy, RemoveHeadersOnCopy, ); }; };
/* End PBXBuildFile section */

/* Begin PBXContainerItemProxy section */
		37A2F3EC237BAC1B00C1EF3B /* PBXContainerItemProxy */ = {
			isa = PBXContainerItemProxy;
			containerPortal = 37A2F3E7237BAC1A00C1EF3B /* ChevronAnimatable.xcodeproj */;
			proxyType = 2;
			remoteGlobalIDString = 37A2F3AC237BAB6800C1EF3B;
			remoteInfo = ChevronAnimatable;
		};
		37A2F3EE237BAC1B00C1EF3B /* PBXContainerItemProxy */ = {
			isa = PBXContainerItemProxy;
			containerPortal = 37A2F3E7237BAC1A00C1EF3B /* ChevronAnimatable.xcodeproj */;
			proxyType = 2;
			remoteGlobalIDString = 37A2F3B5237BAB6800C1EF3B;
			remoteInfo = ChevronAnimatableTests;
		};
/* End PBXContainerItemProxy section */

/* Begin PBXCopyFilesBuildPhase section */
		37A2F3F2237BAC2A00C1EF3B /* Embed Frameworks */ = {
			isa = PBXCopyFilesBuildPhase;
			buildActionMask = 2147483647;
			dstPath = "";
			dstSubfolderSpec = 10;
			files = (
				37A2F3F1237BAC2A00C1EF3B /* ChevronAnimatable.framework in Embed Frameworks */,
			);
			name = "Embed Frameworks";
			runOnlyForDeploymentPostprocessing = 0;
		};
/* End PBXCopyFilesBuildPhase section */

/* Begin PBXFileReference section */
		37A2F3CF237BABA000C1EF3B /* DemoChevronAnimatble.app */ = {isa = PBXFileReference; explicitFileType = wrapper.application; includeInIndex = 0; path = DemoChevronAnimatble.app; sourceTree = BUILT_PRODUCTS_DIR; };
		37A2F3D2237BABA000C1EF3B /* AppDelegate.swift */ = {isa = PBXFileReference; lastKnownFileType = sourcecode.swift; path = AppDelegate.swift; sourceTree = "<group>"; };
		37A2F3D4237BABA000C1EF3B /* SceneDelegate.swift */ = {isa = PBXFileReference; lastKnownFileType = sourcecode.swift; path = SceneDelegate.swift; sourceTree = "<group>"; };
		37A2F3D6237BABA000C1EF3B /* ViewController.swift */ = {isa = PBXFileReference; lastKnownFileType = sourcecode.swift; path = ViewController.swift; sourceTree = "<group>"; };
		37A2F3D9237BABA000C1EF3B /* Base */ = {isa = PBXFileReference; lastKnownFileType = file.storyboard; name = Base; path = Base.lproj/Main.storyboard; sourceTree = "<group>"; };
		37A2F3DB237BABA000C1EF3B /* Assets.xcassets */ = {isa = PBXFileReference; lastKnownFileType = folder.assetcatalog; path = Assets.xcassets; sourceTree = "<group>"; };
		37A2F3DE237BABA000C1EF3B /* Base */ = {isa = PBXFileReference; lastKnownFileType = file.storyboard; name = Base; path = Base.lproj/LaunchScreen.storyboard; sourceTree = "<group>"; };
		37A2F3E0237BABA000C1EF3B /* Info.plist */ = {isa = PBXFileReference; lastKnownFileType = text.plist.xml; path = Info.plist; sourceTree = "<group>"; };
		37A2F3E7237BAC1A00C1EF3B /* ChevronAnimatable.xcodeproj */ = {isa = PBXFileReference; lastKnownFileType = "wrapper.pb-project"; name = ChevronAnimatable.xcodeproj; path = ../ChevronAnimatable.xcodeproj; sourceTree = "<group>"; };
/* End PBXFileReference section */

/* Begin PBXFrameworksBuildPhase section */
		37A2F3CC237BABA000C1EF3B /* Frameworks */ = {
			isa = PBXFrameworksBuildPhase;
			buildActionMask = 2147483647;
			files = (
				37A2F3F0237BAC2A00C1EF3B /* ChevronAnimatable.framework in Frameworks */,
			);
			runOnlyForDeploymentPostprocessing = 0;
		};
/* End PBXFrameworksBuildPhase section */

/* Begin PBXGroup section */
		37A2F3C6237BAB9F00C1EF3B = {
			isa = PBXGroup;
			children = (
				37A2F3D1237BABA000C1EF3B /* DemoChevronAnimatble */,
				37A2F3D0237BABA000C1EF3B /* Products */,
				37A2F3E6237BAC0300C1EF3B /* Frameworks */,
			);
			sourceTree = "<group>";
		};
		37A2F3D0237BABA000C1EF3B /* Products */ = {
			isa = PBXGroup;
			children = (
				37A2F3CF237BABA000C1EF3B /* DemoChevronAnimatble.app */,
			);
			name = Products;
			sourceTree = "<group>";
		};
		37A2F3D1237BABA000C1EF3B /* DemoChevronAnimatble */ = {
			isa = PBXGroup;
			children = (
				37A2F3D2237BABA000C1EF3B /* AppDelegate.swift */,
				37A2F3D4237BABA000C1EF3B /* SceneDelegate.swift */,
				37A2F3D6237BABA000C1EF3B /* ViewController.swift */,
				37A2F3D8237BABA000C1EF3B /* Main.storyboard */,
				37A2F3DB237BABA000C1EF3B /* Assets.xcassets */,
				37A2F3DD237BABA000C1EF3B /* LaunchScreen.storyboard */,
				37A2F3E0237BABA000C1EF3B /* Info.plist */,
			);
			path = DemoChevronAnimatble;
			sourceTree = "<group>";
		};
		37A2F3E6237BAC0300C1EF3B /* Frameworks */ = {
			isa = PBXGroup;
			children = (
				37A2F3E7237BAC1A00C1EF3B /* ChevronAnimatable.xcodeproj */,
			);
			name = Frameworks;
			sourceTree = "<group>";
		};
		37A2F3E8237BAC1A00C1EF3B /* Products */ = {
			isa = PBXGroup;
			children = (
				37A2F3ED237BAC1B00C1EF3B /* ChevronAnimatable.framework */,
				37A2F3EF237BAC1B00C1EF3B /* ChevronAnimatableTests.xctest */,
			);
			name = Products;
			sourceTree = "<group>";
		};
/* End PBXGroup section */

/* Begin PBXNativeTarget section */
		37A2F3CE237BABA000C1EF3B /* DemoChevronAnimatble */ = {
			isa = PBXNativeTarget;
			buildConfigurationList = 37A2F3E3237BABA000C1EF3B /* Build configuration list for PBXNativeTarget "DemoChevronAnimatble" */;
			buildPhases = (
				37A2F3CB237BABA000C1EF3B /* Sources */,
				37A2F3CC237BABA000C1EF3B /* Frameworks */,
				37A2F3CD237BABA000C1EF3B /* Resources */,
				37A2F3F2237BAC2A00C1EF3B /* Embed Frameworks */,
			);
			buildRules = (
			);
			dependencies = (
			);
			name = DemoChevronAnimatble;
			productName = DemoChevronAnimatble;
			productReference = 37A2F3CF237BABA000C1EF3B /* DemoChevronAnimatble.app */;
			productType = "com.apple.product-type.application";
		};
/* End PBXNativeTarget section */

/* Begin PBXProject section */
		37A2F3C7237BAB9F00C1EF3B /* Project object */ = {
			isa = PBXProject;
			attributes = {
				LastSwiftUpdateCheck = 1120;
				LastUpgradeCheck = 1120;
				ORGANIZATIONNAME = "Marlon Raskin";
				TargetAttributes = {
					37A2F3CE237BABA000C1EF3B = {
						CreatedOnToolsVersion = 11.2.1;
					};
				};
			};
			buildConfigurationList = 37A2F3CA237BAB9F00C1EF3B /* Build configuration list for PBXProject "DemoChevronAnimatble" */;
			compatibilityVersion = "Xcode 9.3";
			developmentRegion = en;
			hasScannedForEncodings = 0;
			knownRegions = (
				en,
				Base,
			);
			mainGroup = 37A2F3C6237BAB9F00C1EF3B;
			productRefGroup = 37A2F3D0237BABA000C1EF3B /* Products */;
			projectDirPath = "";
			projectReferences = (
				{
					ProductGroup = 37A2F3E8237BAC1A00C1EF3B /* Products */;
					ProjectRef = 37A2F3E7237BAC1A00C1EF3B /* ChevronAnimatable.xcodeproj */;
				},
			);
			projectRoot = "";
			targets = (
				37A2F3CE237BABA000C1EF3B /* DemoChevronAnimatble */,
			);
		};
/* End PBXProject section */

/* Begin PBXReferenceProxy section */
		37A2F3ED237BAC1B00C1EF3B /* ChevronAnimatable.framework */ = {
			isa = PBXReferenceProxy;
			fileType = wrapper.framework;
			path = ChevronAnimatable.framework;
			remoteRef = 37A2F3EC237BAC1B00C1EF3B /* PBXContainerItemProxy */;
			sourceTree = BUILT_PRODUCTS_DIR;
		};
		37A2F3EF237BAC1B00C1EF3B /* ChevronAnimatableTests.xctest */ = {
			isa = PBXReferenceProxy;
			fileType = wrapper.cfbundle;
			path = ChevronAnimatableTests.xctest;
			remoteRef = 37A2F3EE237BAC1B00C1EF3B /* PBXContainerItemProxy */;
			sourceTree = BUILT_PRODUCTS_DIR;
		};
/* End PBXReferenceProxy section */

/* Begin PBXResourcesBuildPhase section */
		37A2F3CD237BABA000C1EF3B /* Resources */ = {
			isa = PBXResourcesBuildPhase;
			buildActionMask = 2147483647;
			files = (
				37A2F3DF237BABA000C1EF3B /* LaunchScreen.storyboard in Resources */,
				37A2F3DC237BABA000C1EF3B /* Assets.xcassets in Resources */,
				37A2F3DA237BABA000C1EF3B /* Main.storyboard in Resources */,
			);
			runOnlyForDeploymentPostprocessing = 0;
		};
/* End PBXResourcesBuildPhase section */

/* Begin PBXSourcesBuildPhase section */
		37A2F3CB237BABA000C1EF3B /* Sources */ = {
			isa = PBXSourcesBuildPhase;
			buildActionMask = 2147483647;
			files = (
				37A2F3D7237BABA000C1EF3B /* ViewController.swift in Sources */,
				37A2F3D3237BABA000C1EF3B /* AppDelegate.swift in Sources */,
				37A2F3D5237BABA000C1EF3B /* SceneDelegate.swift in Sources */,
			);
			runOnlyForDeploymentPostprocessing = 0;
		};
/* End PBXSourcesBuildPhase section */

/* Begin PBXVariantGroup section */
		37A2F3D8237BABA000C1EF3B /* Main.storyboard */ = {
			isa = PBXVariantGroup;
			children = (
				37A2F3D9237BABA000C1EF3B /* Base */,
			);
			name = Main.storyboard;
			sourceTree = "<group>";
		};
		37A2F3DD237BABA000C1EF3B /* LaunchScreen.storyboard */ = {
			isa = PBXVariantGroup;
			children = (
				37A2F3DE237BABA000C1EF3B /* Base */,
			);
			name = LaunchScreen.storyboard;
			sourceTree = "<group>";
		};
/* End PBXVariantGroup section */

/* Begin XCBuildConfiguration section */
		37A2F3E1237BABA000C1EF3B /* Debug */ = {
			isa = XCBuildConfiguration;
			buildSettings = {
				ALWAYS_SEARCH_USER_PATHS = NO;
				CLANG_ANALYZER_NONNULL = YES;
				CLANG_ANALYZER_NUMBER_OBJECT_CONVERSION = YES_AGGRESSIVE;
				CLANG_CXX_LANGUAGE_STANDARD = "gnu++14";
				CLANG_CXX_LIBRARY = "libc++";
				CLANG_ENABLE_MODULES = YES;
				CLANG_ENABLE_OBJC_ARC = YES;
				CLANG_ENABLE_OBJC_WEAK = YES;
				CLANG_WARN_BLOCK_CAPTURE_AUTORELEASING = YES;
				CLANG_WARN_BOOL_CONVERSION = YES;
				CLANG_WARN_COMMA = YES;
				CLANG_WARN_CONSTANT_CONVERSION = YES;
				CLANG_WARN_DEPRECATED_OBJC_IMPLEMENTATIONS = YES;
				CLANG_WARN_DIRECT_OBJC_ISA_USAGE = YES_ERROR;
				CLANG_WARN_DOCUMENTATION_COMMENTS = YES;
				CLANG_WARN_EMPTY_BODY = YES;
				CLANG_WARN_ENUM_CONVERSION = YES;
				CLANG_WARN_INFINITE_RECURSION = YES;
				CLANG_WARN_INT_CONVERSION = YES;
				CLANG_WARN_NON_LITERAL_NULL_CONVERSION = YES;
				CLANG_WARN_OBJC_IMPLICIT_RETAIN_SELF = YES;
				CLANG_WARN_OBJC_LITERAL_CONVERSION = YES;
				CLANG_WARN_OBJC_ROOT_CLASS = YES_ERROR;
				CLANG_WARN_RANGE_LOOP_ANALYSIS = YES;
				CLANG_WARN_STRICT_PROTOTYPES = YES;
				CLANG_WARN_SUSPICIOUS_MOVE = YES;
				CLANG_WARN_UNGUARDED_AVAILABILITY = YES_AGGRESSIVE;
				CLANG_WARN_UNREACHABLE_CODE = YES;
				CLANG_WARN__DUPLICATE_METHOD_MATCH = YES;
				COPY_PHASE_STRIP = NO;
				DEBUG_INFORMATION_FORMAT = dwarf;
				ENABLE_STRICT_OBJC_MSGSEND = YES;
				ENABLE_TESTABILITY = YES;
				GCC_C_LANGUAGE_STANDARD = gnu11;
				GCC_DYNAMIC_NO_PIC = NO;
				GCC_NO_COMMON_BLOCKS = YES;
				GCC_OPTIMIZATION_LEVEL = 0;
				GCC_PREPROCESSOR_DEFINITIONS = (
					"DEBUG=1",
					"$(inherited)",
				);
				GCC_WARN_64_TO_32_BIT_CONVERSION = YES;
				GCC_WARN_ABOUT_RETURN_TYPE = YES_ERROR;
				GCC_WARN_UNDECLARED_SELECTOR = YES;
				GCC_WARN_UNINITIALIZED_AUTOS = YES_AGGRESSIVE;
				GCC_WARN_UNUSED_FUNCTION = YES;
				GCC_WARN_UNUSED_VARIABLE = YES;
				IPHONEOS_DEPLOYMENT_TARGET = 13.2;
				MTL_ENABLE_DEBUG_INFO = INCLUDE_SOURCE;
				MTL_FAST_MATH = YES;
				ONLY_ACTIVE_ARCH = YES;
				SDKROOT = iphoneos;
				SWIFT_ACTIVE_COMPILATION_CONDITIONS = DEBUG;
				SWIFT_OPTIMIZATION_LEVEL = "-Onone";
			};
			name = Debug;
		};
		37A2F3E2237BABA000C1EF3B /* Release */ = {
			isa = XCBuildConfiguration;
			buildSettings = {
				ALWAYS_SEARCH_USER_PATHS = NO;
				CLANG_ANALYZER_NONNULL = YES;
				CLANG_ANALYZER_NUMBER_OBJECT_CONVERSION = YES_AGGRESSIVE;
				CLANG_CXX_LANGUAGE_STANDARD = "gnu++14";
				CLANG_CXX_LIBRARY = "libc++";
				CLANG_ENABLE_MODULES = YES;
				CLANG_ENABLE_OBJC_ARC = YES;
				CLANG_ENABLE_OBJC_WEAK = YES;
				CLANG_WARN_BLOCK_CAPTURE_AUTORELEASING = YES;
				CLANG_WARN_BOOL_CONVERSION = YES;
				CLANG_WARN_COMMA = YES;
				CLANG_WARN_CONSTANT_CONVERSION = YES;
				CLANG_WARN_DEPRECATED_OBJC_IMPLEMENTATIONS = YES;
				CLANG_WARN_DIRECT_OBJC_ISA_USAGE = YES_ERROR;
				CLANG_WARN_DOCUMENTATION_COMMENTS = YES;
				CLANG_WARN_EMPTY_BODY = YES;
				CLANG_WARN_ENUM_CONVERSION = YES;
				CLANG_WARN_INFINITE_RECURSION = YES;
				CLANG_WARN_INT_CONVERSION = YES;
				CLANG_WARN_NON_LITERAL_NULL_CONVERSION = YES;
				CLANG_WARN_OBJC_IMPLICIT_RETAIN_SELF = YES;
				CLANG_WARN_OBJC_LITERAL_CONVERSION = YES;
				CLANG_WARN_OBJC_ROOT_CLASS = YES_ERROR;
				CLANG_WARN_RANGE_LOOP_ANALYSIS = YES;
				CLANG_WARN_STRICT_PROTOTYPES = YES;
				CLANG_WARN_SUSPICIOUS_MOVE = YES;
				CLANG_WARN_UNGUARDED_AVAILABILITY = YES_AGGRESSIVE;
				CLANG_WARN_UNREACHABLE_CODE = YES;
				CLANG_WARN__DUPLICATE_METHOD_MATCH = YES;
				COPY_PHASE_STRIP = NO;
				DEBUG_INFORMATION_FORMAT = "dwarf-with-dsym";
				ENABLE_NS_ASSERTIONS = NO;
				ENABLE_STRICT_OBJC_MSGSEND = YES;
				GCC_C_LANGUAGE_STANDARD = gnu11;
				GCC_NO_COMMON_BLOCKS = YES;
				GCC_WARN_64_TO_32_BIT_CONVERSION = YES;
				GCC_WARN_ABOUT_RETURN_TYPE = YES_ERROR;
				GCC_WARN_UNDECLARED_SELECTOR = YES;
				GCC_WARN_UNINITIALIZED_AUTOS = YES_AGGRESSIVE;
				GCC_WARN_UNUSED_FUNCTION = YES;
				GCC_WARN_UNUSED_VARIABLE = YES;
				IPHONEOS_DEPLOYMENT_TARGET = 13.2;
				MTL_ENABLE_DEBUG_INFO = NO;
				MTL_FAST_MATH = YES;
				SDKROOT = iphoneos;
				SWIFT_COMPILATION_MODE = wholemodule;
				SWIFT_OPTIMIZATION_LEVEL = "-O";
				VALIDATE_PRODUCT = YES;
			};
			name = Release;
		};
		37A2F3E4237BABA000C1EF3B /* Debug */ = {
			isa = XCBuildConfiguration;
			buildSettings = {
				ASSETCATALOG_COMPILER_APPICON_NAME = AppIcon;
				CODE_SIGN_STYLE = Automatic;
				DEVELOPMENT_TEAM = D6VB3396MT;
				INFOPLIST_FILE = DemoChevronAnimatble/Info.plist;
				LD_RUNPATH_SEARCH_PATHS = (
					"$(inherited)",
					"@executable_path/Frameworks",
				);
				PRODUCT_BUNDLE_IDENTIFIER = com.marlonraskin.DemoChevronAnimatble;
				PRODUCT_NAME = "$(TARGET_NAME)";
				SWIFT_VERSION = 5.0;
				TARGETED_DEVICE_FAMILY = "1,2";
			};
			name = Debug;
		};
		37A2F3E5237BABA000C1EF3B /* Release */ = {
			isa = XCBuildConfiguration;
			buildSettings = {
				ASSETCATALOG_COMPILER_APPICON_NAME = AppIcon;
				CODE_SIGN_STYLE = Automatic;
				DEVELOPMENT_TEAM = D6VB3396MT;
				INFOPLIST_FILE = DemoChevronAnimatble/Info.plist;
				LD_RUNPATH_SEARCH_PATHS = (
					"$(inherited)",
					"@executable_path/Frameworks",
				);
				PRODUCT_BUNDLE_IDENTIFIER = com.marlonraskin.DemoChevronAnimatble;
				PRODUCT_NAME = "$(TARGET_NAME)";
				SWIFT_VERSION = 5.0;
				TARGETED_DEVICE_FAMILY = "1,2";
			};
			name = Release;
		};
/* End XCBuildConfiguration section */

/* Begin XCConfigurationList section */
		37A2F3CA237BAB9F00C1EF3B /* Build configuration list for PBXProject "DemoChevronAnimatble" */ = {
			isa = XCConfigurationList;
			buildConfigurations = (
				37A2F3E1237BABA000C1EF3B /* Debug */,
				37A2F3E2237BABA000C1EF3B /* Release */,
			);
			defaultConfigurationIsVisible = 0;
			defaultConfigurationName = Release;
		};
		37A2F3E3237BABA000C1EF3B /* Build configuration list for PBXNativeTarget "DemoChevronAnimatble" */ = {
			isa = XCConfigurationList;
			buildConfigurations = (
				37A2F3E4237BABA000C1EF3B /* Debug */,
				37A2F3E5237BABA000C1EF3B /* Release */,
			);
			defaultConfigurationIsVisible = 0;
			defaultConfigurationName = Release;
		};
/* End XCConfigurationList section */
	};
	rootObject = 37A2F3C7237BAB9F00C1EF3B /* Project object */;
}
